// !$*UTF8*$!
{
	archiveVersion = 1;
	classes = {
	};
	objectVersion = 50;
	objects = {

/* Begin PBXBuildFile section */
		B5FD7C0E25A498CA009B3827 /* Custome_LoginApp.swift in Sources */ = {isa = PBXBuildFile; fileRef = B5FD7C0D25A498CA009B3827 /* Custome_LoginApp.swift */; };
		B5FD7C1025A498CA009B3827 /* ContentView.swift in Sources */ = {isa = PBXBuildFile; fileRef = B5FD7C0F25A498CA009B3827 /* ContentView.swift */; };
		B5FD7C1225A498CF009B3827 /* Assets.xcassets in Resources */ = {isa = PBXBuildFile; fileRef = B5FD7C1125A498CF009B3827 /* Assets.xcassets */; };
		B5FD7C1525A498CF009B3827 /* Preview Assets.xcassets in Resources */ = {isa = PBXBuildFile; fileRef = B5FD7C1425A498CF009B3827 /* Preview Assets.xcassets */; };
		B5FD7C1F25A49947009B3827 /* Login.swift in Sources */ = {isa = PBXBuildFile; fileRef = B5FD7C1E25A49947009B3827 /* Login.swift */; };
		B5FD7C2225A4B4E9009B3827 /* bottomView.swift in Sources */ = {isa = PBXBuildFile; fileRef = B5FD7C2125A4B4E9009B3827 /* bottomView.swift */; };
/* End PBXBuildFile section */

/* Begin PBXFileReference section */
		B5FD7C0A25A498CA009B3827 /* Custome Login.app */ = {isa = PBXFileReference; explicitFileType = wrapper.application; includeInIndex = 0; path = "Custome Login.app"; sourceTree = BUILT_PRODUCTS_DIR; };
		B5FD7C0D25A498CA009B3827 /* Custome_LoginApp.swift */ = {isa = PBXFileReference; lastKnownFileType = sourcecode.swift; path = Custome_LoginApp.swift; sourceTree = "<group>"; };
		B5FD7C0F25A498CA009B3827 /* ContentView.swift */ = {isa = PBXFileReference; lastKnownFileType = sourcecode.swift; path = ContentView.swift; sourceTree = "<group>"; };
		B5FD7C1125A498CF009B3827 /* Assets.xcassets */ = {isa = PBXFileReference; lastKnownFileType = folder.assetcatalog; path = Assets.xcassets; sourceTree = "<group>"; };
		B5FD7C1425A498CF009B3827 /* Preview Assets.xcassets */ = {isa = PBXFileReference; lastKnownFileType = folder.assetcatalog; path = "Preview Assets.xcassets"; sourceTree = "<group>"; };
		B5FD7C1625A498CF009B3827 /* Info.plist */ = {isa = PBXFileReference; lastKnownFileType = text.plist.xml; path = Info.plist; sourceTree = "<group>"; };
		B5FD7C1E25A49947009B3827 /* Login.swift */ = {isa = PBXFileReference; lastKnownFileType = sourcecode.swift; path = Login.swift; sourceTree = "<group>"; };
		B5FD7C2125A4B4E9009B3827 /* bottomView.swift */ = {isa = PBXFileReference; lastKnownFileType = sourcecode.swift; path = bottomView.swift; sourceTree = "<group>"; };
/* End PBXFileReference section */

/* Begin PBXFrameworksBuildPhase section */
		B5FD7C0725A498CA009B3827 /* Frameworks */ = {
			isa = PBXFrameworksBuildPhase;
			buildActionMask = 2147483647;
			files = (
			);
			runOnlyForDeploymentPostprocessing = 0;
		};
/* End PBXFrameworksBuildPhase section */

/* Begin PBXGroup section */
		B5FD7C0125A498CA009B3827 = {
			isa = PBXGroup;
			children = (
				B5FD7C0C25A498CA009B3827 /* Custome Login */,
				B5FD7C0B25A498CA009B3827 /* Products */,
			);
			sourceTree = "<group>";
		};
		B5FD7C0B25A498CA009B3827 /* Products */ = {
			isa = PBXGroup;
			children = (
				B5FD7C0A25A498CA009B3827 /* Custome Login.app */,
			);
			name = Products;
			sourceTree = "<group>";
		};
		B5FD7C0C25A498CA009B3827 /* Custome Login */ = {
			isa = PBXGroup;
			children = (
				B5FD7C1D25A4993C009B3827 /* View */,
				B5FD7C0D25A498CA009B3827 /* Custome_LoginApp.swift */,
				B5FD7C0F25A498CA009B3827 /* ContentView.swift */,
				B5FD7C1125A498CF009B3827 /* Assets.xcassets */,
				B5FD7C1625A498CF009B3827 /* Info.plist */,
				B5FD7C1325A498CF009B3827 /* Preview Content */,
			);
			path = "Custome Login";
			sourceTree = "<group>";
		};
		B5FD7C1325A498CF009B3827 /* Preview Content */ = {
			isa = PBXGroup;
			children = (
				B5FD7C1425A498CF009B3827 /* Preview Assets.xcassets */,
			);
			path = "Preview Content";
			sourceTree = "<group>";
		};
		B5FD7C1D25A4993C009B3827 /* View */ = {
			isa = PBXGroup;
			children = (
				B5FD7C1E25A49947009B3827 /* Login.swift */,
				B5FD7C2125A4B4E9009B3827 /* bottomView.swift */,
			);
			path = View;
			sourceTree = "<group>";
		};
/* End PBXGroup section */

/* Begin PBXNativeTarget section */
		B5FD7C0925A498CA009B3827 /* Custome Login */ = {
			isa = PBXNativeTarget;
			buildConfigurationList = B5FD7C1925A498CF009B3827 /* Build configuration list for PBXNativeTarget "Custome Login" */;
			buildPhases = (
				B5FD7C0625A498CA009B3827 /* Sources */,
				B5FD7C0725A498CA009B3827 /* Frameworks */,
				B5FD7C0825A498CA009B3827 /* Resources */,
			);
			buildRules = (
			);
			dependencies = (
			);
			name = "Custome Login";
			productName = "Custome Login";
			productReference = B5FD7C0A25A498CA009B3827 /* Custome Login.app */;
			productType = "com.apple.product-type.application";
		};
/* End PBXNativeTarget section */

/* Begin PBXProject section */
		B5FD7C0225A498CA009B3827 /* Project object */ = {
			isa = PBXProject;
			attributes = {
				LastSwiftUpdateCheck = 1230;
				LastUpgradeCheck = 1230;
				TargetAttributes = {
					B5FD7C0925A498CA009B3827 = {
						CreatedOnToolsVersion = 12.3;
					};
				};
			};
			buildConfigurationList = B5FD7C0525A498CA009B3827 /* Build configuration list for PBXProject "Custome Login" */;
			compatibilityVersion = "Xcode 9.3";
			developmentRegion = en;
			hasScannedForEncodings = 0;
			knownRegions = (
				en,
				Base,
			);
			mainGroup = B5FD7C0125A498CA009B3827;
			productRefGroup = B5FD7C0B25A498CA009B3827 /* Products */;
			projectDirPath = "";
			projectRoot = "";
			targets = (
				B5FD7C0925A498CA009B3827 /* Custome Login */,
			);
		};
/* End PBXProject section */

/* Begin PBXResourcesBuildPhase section */
		B5FD7C0825A498CA009B3827 /* Resources */ = {
			isa = PBXResourcesBuildPhase;
			buildActionMask = 2147483647;
			files = (
				B5FD7C1525A498CF009B3827 /* Preview Assets.xcassets in Resources */,
				B5FD7C1225A498CF009B3827 /* Assets.xcassets in Resources */,
			);
			runOnlyForDeploymentPostprocessing = 0;
		};
/* End PBXResourcesBuildPhase section */

/* Begin PBXSourcesBuildPhase section */
		B5FD7C0625A498CA009B3827 /* Sources */ = {
			isa = PBXSourcesBuildPhase;
			buildActionMask = 2147483647;
			files = (
				B5FD7C1F25A49947009B3827 /* Login.swift in Sources */,
				B5FD7C1025A498CA009B3827 /* ContentView.swift in Sources */,
				B5FD7C0E25A498CA009B3827 /* Custome_LoginApp.swift in Sources */,
				B5FD7C2225A4B4E9009B3827 /* bottomView.swift in Sources */,
			);
			runOnlyForDeploymentPostprocessing = 0;
		};
/* End PBXSourcesBuildPhase section */

/* Begin XCBuildConfiguration section */
		B5FD7C1725A498CF009B3827 /* Debug */ = {
			isa = XCBuildConfiguration;
			buildSettings = {
				ALWAYS_SEARCH_USER_PATHS = NO;
				CLANG_ANALYZER_NONNULL = YES;
				CLANG_ANALYZER_NUMBER_OBJECT_CONVERSION = YES_AGGRESSIVE;
				CLANG_CXX_LANGUAGE_STANDARD = "gnu++14";
				CLANG_CXX_LIBRARY = "libc++";
				CLANG_ENABLE_MODULES = YES;
				CLANG_ENABLE_OBJC_ARC = YES;
				CLANG_ENABLE_OBJC_WEAK = YES;
				CLANG_WARN_BLOCK_CAPTURE_AUTORELEASING = YES;
				CLANG_WARN_BOOL_CONVERSION = YES;
				CLANG_WARN_COMMA = YES;
				CLANG_WARN_CONSTANT_CONVERSION = YES;
				CLANG_WARN_DEPRECATED_OBJC_IMPLEMENTATIONS = YES;
				CLANG_WARN_DIRECT_OBJC_ISA_USAGE = YES_ERROR;
				CLANG_WARN_DOCUMENTATION_COMMENTS = YES;
				CLANG_WARN_EMPTY_BODY = YES;
				CLANG_WARN_ENUM_CONVERSION = YES;
				CLANG_WARN_INFINITE_RECURSION = YES;
				CLANG_WARN_INT_CONVERSION = YES;
				CLANG_WARN_NON_LITERAL_NULL_CONVERSION = YES;
				CLANG_WARN_OBJC_IMPLICIT_RETAIN_SELF = YES;
				CLANG_WARN_OBJC_LITERAL_CONVERSION = YES;
				CLANG_WARN_OBJC_ROOT_CLASS = YES_ERROR;
				CLANG_WARN_QUOTED_INCLUDE_IN_FRAMEWORK_HEADER = YES;
				CLANG_WARN_RANGE_LOOP_ANALYSIS = YES;
				CLANG_WARN_STRICT_PROTOTYPES = YES;
				CLANG_WARN_SUSPICIOUS_MOVE = YES;
				CLANG_WARN_UNGUARDED_AVAILABILITY = YES_AGGRESSIVE;
				CLANG_WARN_UNREACHABLE_CODE = YES;
				CLANG_WARN__DUPLICATE_METHOD_MATCH = YES;
				COPY_PHASE_STRIP = NO;
				DEBUG_INFORMATION_FORMAT = dwarf;
				ENABLE_STRICT_OBJC_MSGSEND = YES;
				ENABLE_TESTABILITY = YES;
				GCC_C_LANGUAGE_STANDARD = gnu11;
				GCC_DYNAMIC_NO_PIC = NO;
				GCC_NO_COMMON_BLOCKS = YES;
				GCC_OPTIMIZATION_LEVEL = 0;
				GCC_PREPROCESSOR_DEFINITIONS = (
					"DEBUG=1",
					"$(inherited)",
				);
				GCC_WARN_64_TO_32_BIT_CONVERSION = YES;
				GCC_WARN_ABOUT_RETURN_TYPE = YES_ERROR;
				GCC_WARN_UNDECLARED_SELECTOR = YES;
				GCC_WARN_UNINITIALIZED_AUTOS = YES_AGGRESSIVE;
				GCC_WARN_UNUSED_FUNCTION = YES;
				GCC_WARN_UNUSED_VARIABLE = YES;
				IPHONEOS_DEPLOYMENT_TARGET = 14.3;
				MTL_ENABLE_DEBUG_INFO = INCLUDE_SOURCE;
				MTL_FAST_MATH = YES;
				ONLY_ACTIVE_ARCH = YES;
				SDKROOT = iphoneos;
				SWIFT_ACTIVE_COMPILATION_CONDITIONS = DEBUG;
				SWIFT_OPTIMIZATION_LEVEL = "-Onone";
			};
			name = Debug;
		};
		B5FD7C1825A498CF009B3827 /* Release */ = {
			isa = XCBuildConfiguration;
			buildSettings = {
				ALWAYS_SEARCH_USER_PATHS = NO;
				CLANG_ANALYZER_NONNULL = YES;
				CLANG_ANALYZER_NUMBER_OBJECT_CONVERSION = YES_AGGRESSIVE;
				CLANG_CXX_LANGUAGE_STANDARD = "gnu++14";
				CLANG_CXX_LIBRARY = "libc++";
				CLANG_ENABLE_MODULES = YES;
				CLANG_ENABLE_OBJC_ARC = YES;
				CLANG_ENABLE_OBJC_WEAK = YES;
				CLANG_WARN_BLOCK_CAPTURE_AUTORELEASING = YES;
				CLANG_WARN_BOOL_CONVERSION = YES;
				CLANG_WARN_COMMA = YES;
				CLANG_WARN_CONSTANT_CONVERSION = YES;
				CLANG_WARN_DEPRECATED_OBJC_IMPLEMENTATIONS = YES;
				CLANG_WARN_DIRECT_OBJC_ISA_USAGE = YES_ERROR;
				CLANG_WARN_DOCUMENTATION_COMMENTS = YES;
				CLANG_WARN_EMPTY_BODY = YES;
				CLANG_WARN_ENUM_CONVERSION = YES;
				CLANG_WARN_INFINITE_RECURSION = YES;
				CLANG_WARN_INT_CONVERSION = YES;
				CLANG_WARN_NON_LITERAL_NULL_CONVERSION = YES;
				CLANG_WARN_OBJC_IMPLICIT_RETAIN_SELF = YES;
				CLANG_WARN_OBJC_LITERAL_CONVERSION = YES;
				CLANG_WARN_OBJC_ROOT_CLASS = YES_ERROR;
				CLANG_WARN_QUOTED_INCLUDE_IN_FRAMEWORK_HEADER = YES;
				CLANG_WARN_RANGE_LOOP_ANALYSIS = YES;
				CLANG_WARN_STRICT_PROTOTYPES = YES;
				CLANG_WARN_SUSPICIOUS_MOVE = YES;
				CLANG_WARN_UNGUARDED_AVAILABILITY = YES_AGGRESSIVE;
				CLANG_WARN_UNREACHABLE_CODE = YES;
				CLANG_WARN__DUPLICATE_METHOD_MATCH = YES;
				COPY_PHASE_STRIP = NO;
				DEBUG_INFORMATION_FORMAT = "dwarf-with-dsym";
				ENABLE_NS_ASSERTIONS = NO;
				ENABLE_STRICT_OBJC_MSGSEND = YES;
				GCC_C_LANGUAGE_STANDARD = gnu11;
				GCC_NO_COMMON_BLOCKS = YES;
				GCC_WARN_64_TO_32_BIT_CONVERSION = YES;
				GCC_WARN_ABOUT_RETURN_TYPE = YES_ERROR;
				GCC_WARN_UNDECLARED_SELECTOR = YES;
				GCC_WARN_UNINITIALIZED_AUTOS = YES_AGGRESSIVE;
				GCC_WARN_UNUSED_FUNCTION = YES;
				GCC_WARN_UNUSED_VARIABLE = YES;
				IPHONEOS_DEPLOYMENT_TARGET = 14.3;
				MTL_ENABLE_DEBUG_INFO = NO;
				MTL_FAST_MATH = YES;
				SDKROOT = iphoneos;
				SWIFT_COMPILATION_MODE = wholemodule;
				SWIFT_OPTIMIZATION_LEVEL = "-O";
				VALIDATE_PRODUCT = YES;
			};
			name = Release;
		};
		B5FD7C1A25A498CF009B3827 /* Debug */ = {
			isa = XCBuildConfiguration;
			buildSettings = {
				ASSETCATALOG_COMPILER_APPICON_NAME = AppIcon;
				ASSETCATALOG_COMPILER_GLOBAL_ACCENT_COLOR_NAME = AccentColor;
				CODE_SIGN_STYLE = Automatic;
				DEVELOPMENT_ASSET_PATHS = "\"Custome Login/Preview Content\"";
				DEVELOPMENT_TEAM = 84W8QG5399;
				ENABLE_PREVIEWS = YES;
				INFOPLIST_FILE = "Custome Login/Info.plist";
				IPHONEOS_DEPLOYMENT_TARGET = 14.0;
				LD_RUNPATH_SEARCH_PATHS = (
					"$(inherited)",
					"@executable_path/Frameworks",
				);
				PRODUCT_BUNDLE_IDENTIFIER = "com.createsapp.Custome-Login";
				PRODUCT_NAME = "$(TARGET_NAME)";
				SWIFT_VERSION = 5.0;
				TARGETED_DEVICE_FAMILY = "1,2";
			};
			name = Debug;
		};
		B5FD7C1B25A498CF009B3827 /* Release */ = {
			isa = XCBuildConfiguration;
			buildSettings = {
				ASSETCATALOG_COMPILER_APPICON_NAME = AppIcon;
				ASSETCATALOG_COMPILER_GLOBAL_ACCENT_COLOR_NAME = AccentColor;
				CODE_SIGN_STYLE = Automatic;
				DEVELOPMENT_ASSET_PATHS = "\"Custome Login/Preview Content\"";
				DEVELOPMENT_TEAM = 84W8QG5399;
				ENABLE_PREVIEWS = YES;
				INFOPLIST_FILE = "Custome Login/Info.plist";
				IPHONEOS_DEPLOYMENT_TARGET = 14.0;
				LD_RUNPATH_SEARCH_PATHS = (
					"$(inherited)",
					"@executable_path/Frameworks",
				);
				PRODUCT_BUNDLE_IDENTIFIER = "com.createsapp.Custome-Login";
				PRODUCT_NAME = "$(TARGET_NAME)";
				SWIFT_VERSION = 5.0;
				TARGETED_DEVICE_FAMILY = "1,2";
			};
			name = Release;
		};
/* End XCBuildConfiguration section */

/* Begin XCConfigurationList section */
		B5FD7C0525A498CA009B3827 /* Build configuration list for PBXProject "Custome Login" */ = {
			isa = XCConfigurationList;
			buildConfigurations = (
				B5FD7C1725A498CF009B3827 /* Debug */,
				B5FD7C1825A498CF009B3827 /* Release */,
			);
			defaultConfigurationIsVisible = 0;
			defaultConfigurationName = Release;
		};
		B5FD7C1925A498CF009B3827 /* Build configuration list for PBXNativeTarget "Custome Login" */ = {
			isa = XCConfigurationList;
			buildConfigurations = (
				B5FD7C1A25A498CF009B3827 /* Debug */,
				B5FD7C1B25A498CF009B3827 /* Release */,
			);
			defaultConfigurationIsVisible = 0;
			defaultConfigurationName = Release;
		};
/* End XCConfigurationList section */
	};
	rootObject = B5FD7C0225A498CA009B3827 /* Project object */;
}
